
Microsoft Visual Studio Solution File, Format Version 12.00
# Visual Studio Version 17
VisualStudioVersion = 17.11.35327.3
MinimumVisualStudioVersion = 10.0.40219.1
Project("{FAE04EC0-301F-11D3-BF4B-00C04F79EFBC}") = "BMI", "BMI\BMI.csproj", "{30083241-6F6E-4B98-A55D-758554C3D5DC}"
EndProject
Global
	GlobalSection(SolutionConfigurationPlatforms) = preSolution
		Debug|Any CPU = Debug|Any CPU
		Release|Any CPU = Release|Any CPU
	EndGlobalSection
	GlobalSection(ProjectConfigurationPlatforms) = postSolution
		{30083241-6F6E-4B98-A55D-758554C3D5DC}.Debug|Any CPU.ActiveCfg = Debug|Any CPU
		{30083241-6F6E-4B98-A55D-758554C3D5DC}.Debug|Any CPU.Build.0 = Debug|Any CPU
		{30083241-6F6E-4B98-A55D-758554C3D5DC}.Debug|Any CPU.Deploy.0 = Debug|Any CPU
		{30083241-6F6E-4B98-A55D-758554C3D5DC}.Release|Any CPU.ActiveCfg = Release|Any CPU
		{30083241-6F6E-4B98-A55D-758554C3D5DC}.Release|Any CPU.Build.0 = Release|Any CPU
		{30083241-6F6E-4B98-A55D-758554C3D5DC}.Release|Any CPU.Deploy.0 = Release|Any CPU
	EndGlobalSection
	GlobalSection(SolutionProperties) = preSolution
		HideSolutionNode = FALSE
	EndGlobalSection
	GlobalSection(ExtensibilityGlobals) = postSolution
		SolutionGuid = {972FF6BF-296C-4FF2-9ACB-1B920258EC36}
	EndGlobalSection
EndGlobal
